
Microsoft Visual Studio Solution File, Format Version 12.00
# Visual Studio 2013
VisualStudioVersion = 12.0.31101.0
MinimumVisualStudioVersion = 10.0.40219.1
Project("{FAE04EC0-301F-11D3-BF4B-00C04F79EFBC}") = "JeremyAnsel.ColorQuant", "JeremyAnsel.ColorQuant\JeremyAnsel.ColorQuant.csproj", "{1E1087CD-FC24-4AD0-9BAC-708B331739A3}"
EndProject
Project("{7CF6DF6D-3B04-46F8-A40B-537D21BCA0B4}") = "Documentation", "Documentation\Documentation.shfbproj", "{874A1266-0D83-4BB1-BA0B-01F831621371}"
	ProjectSection(ProjectDependencies) = postProject
		{1E1087CD-FC24-4AD0-9BAC-708B331739A3} = {1E1087CD-FC24-4AD0-9BAC-708B331739A3}
	EndProjectSection
EndProject
Project("{2150E333-8FDC-42A3-9474-1A3956D46DE8}") = ".nuget", ".nuget", "{8B79D172-9C4A-480F-931D-7081C2286FA1}"
	ProjectSection(SolutionItems) = preProject
		.nuget\packages.config = .nuget\packages.config
	EndProjectSection
EndProject
Global
	GlobalSection(SolutionConfigurationPlatforms) = preSolution
		Debug|Any CPU = Debug|Any CPU
		Release|Any CPU = Release|Any CPU
	EndGlobalSection
	GlobalSection(ProjectConfigurationPlatforms) = postSolution
		{1E1087CD-FC24-4AD0-9BAC-708B331739A3}.Debug|Any CPU.ActiveCfg = Debug|Any CPU
		{1E1087CD-FC24-4AD0-9BAC-708B331739A3}.Debug|Any CPU.Build.0 = Debug|Any CPU
		{1E1087CD-FC24-4AD0-9BAC-708B331739A3}.Release|Any CPU.ActiveCfg = Release|Any CPU
		{1E1087CD-FC24-4AD0-9BAC-708B331739A3}.Release|Any CPU.Build.0 = Release|Any CPU
		{874A1266-0D83-4BB1-BA0B-01F831621371}.Debug|Any CPU.ActiveCfg = Debug|Any CPU
		{874A1266-0D83-4BB1-BA0B-01F831621371}.Debug|Any CPU.Build.0 = Debug|Any CPU
		{874A1266-0D83-4BB1-BA0B-01F831621371}.Release|Any CPU.ActiveCfg = Release|Any CPU
		{874A1266-0D83-4BB1-BA0B-01F831621371}.Release|Any CPU.Build.0 = Release|Any CPU
	EndGlobalSection
	GlobalSection(SolutionProperties) = preSolution
		HideSolutionNode = FALSE
	EndGlobalSection
EndGlobal
